
Microsoft Visual Studio Solution File, Format Version 12.00
# Visual Studio Version 16
VisualStudioVersion = 16.0.31424.327
MinimumVisualStudioVersion = 10.0.40219.1
Project("{FAE04EC0-301F-11D3-BF4B-00C04F79EFBC}") = "IfStatement", "IfStatement\IfStatement.csproj", "{49C62FAF-AF45-4985-9955-31CB66B2F548}"
EndProject
Global
	GlobalSection(SolutionConfigurationPlatforms) = preSolution
		Debug|Any CPU = Debug|Any CPU
		Release|Any CPU = Release|Any CPU
	EndGlobalSection
	GlobalSection(ProjectConfigurationPlatforms) = postSolution
		{49C62FAF-AF45-4985-9955-31CB66B2F548}.Debug|Any CPU.ActiveCfg = Debug|Any CPU
		{49C62FAF-AF45-4985-9955-31CB66B2F548}.Debug|Any CPU.Build.0 = Debug|Any CPU
		{49C62FAF-AF45-4985-9955-31CB66B2F548}.Release|Any CPU.ActiveCfg = Release|Any CPU
		{49C62FAF-AF45-4985-9955-31CB66B2F548}.Release|Any CPU.Build.0 = Release|Any CPU
	EndGlobalSection
	GlobalSection(SolutionProperties) = preSolution
		HideSolutionNode = FALSE
	EndGlobalSection
	GlobalSection(ExtensibilityGlobals) = postSolution
		SolutionGuid = {9CFB094D-FA86-4B42-847C-58AD7B44A5B7}
	EndGlobalSection
EndGlobal
